
Microsoft Visual Studio Solution File, Format Version 12.00
# Visual Studio Version 17
VisualStudioVersion = 17.11.35222.181
MinimumVisualStudioVersion = 10.0.40219.1
Project("{9A19103F-16F7-4668-BE54-9A1E7A4F7556}") = "Склад", "Склад.csproj", "{DC4F159C-6EE3-4583-8AB9-A1F3635CF2BE}"
EndProject
Project("{FAE04EC0-301F-11D3-BF4B-00C04F79EFBC}") = "UnitTests", "..\UnitTests\UnitTests.csproj", "{E5936204-AD26-4DF7-BAF0-61483893F35E}"
EndProject
Global
	GlobalSection(SolutionConfigurationPlatforms) = preSolution
		Debug|Any CPU = Debug|Any CPU
		Release|Any CPU = Release|Any CPU
	EndGlobalSection
	GlobalSection(ProjectConfigurationPlatforms) = postSolution
		{DC4F159C-6EE3-4583-8AB9-A1F3635CF2BE}.Debug|Any CPU.ActiveCfg = Debug|Any CPU
		{DC4F159C-6EE3-4583-8AB9-A1F3635CF2BE}.Debug|Any CPU.Build.0 = Debug|Any CPU
		{DC4F159C-6EE3-4583-8AB9-A1F3635CF2BE}.Release|Any CPU.ActiveCfg = Release|Any CPU
		{DC4F159C-6EE3-4583-8AB9-A1F3635CF2BE}.Release|Any CPU.Build.0 = Release|Any CPU
		{E5936204-AD26-4DF7-BAF0-61483893F35E}.Debug|Any CPU.ActiveCfg = Debug|Any CPU
		{E5936204-AD26-4DF7-BAF0-61483893F35E}.Debug|Any CPU.Build.0 = Debug|Any CPU
		{E5936204-AD26-4DF7-BAF0-61483893F35E}.Release|Any CPU.ActiveCfg = Release|Any CPU
		{E5936204-AD26-4DF7-BAF0-61483893F35E}.Release|Any CPU.Build.0 = Release|Any CPU
	EndGlobalSection
	GlobalSection(SolutionProperties) = preSolution
		HideSolutionNode = FALSE
	EndGlobalSection
	GlobalSection(ExtensibilityGlobals) = postSolution
		SolutionGuid = {CCDD64A1-3AF4-41F2-99AF-6EC73537DC62}
	EndGlobalSection
EndGlobal
